
Microsoft Visual Studio Solution File, Format Version 12.00
# Visual Studio 15
VisualStudioVersion = 15.0.28307.136
MinimumVisualStudioVersion = 10.0.40219.1
Project("{9A19103F-16F7-4668-BE54-9A1E7A4F7556}") = "Perfect number", "..\Perfect number\Perfect number\Perfect number.csproj", "{144ADC08-CFC2-493D-8531-AE897825B531}"
EndProject
Global
	GlobalSection(SolutionConfigurationPlatforms) = preSolution
		Debug|Any CPU = Debug|Any CPU
		Release|Any CPU = Release|Any CPU
	EndGlobalSection
	GlobalSection(ProjectConfigurationPlatforms) = postSolution
		{144ADC08-CFC2-493D-8531-AE897825B531}.Debug|Any CPU.ActiveCfg = Debug|Any CPU
		{144ADC08-CFC2-493D-8531-AE897825B531}.Debug|Any CPU.Build.0 = Debug|Any CPU
		{144ADC08-CFC2-493D-8531-AE897825B531}.Release|Any CPU.ActiveCfg = Release|Any CPU
		{144ADC08-CFC2-493D-8531-AE897825B531}.Release|Any CPU.Build.0 = Release|Any CPU
	EndGlobalSection
	GlobalSection(SolutionProperties) = preSolution
		HideSolutionNode = FALSE
	EndGlobalSection
	GlobalSection(ExtensibilityGlobals) = postSolution
		SolutionGuid = {30B6E7EF-2AD7-4483-B47E-6D642B1CCCB0}
	EndGlobalSection
EndGlobal
